{
  "name": "react-node-authentication",
  "version": "0.1.0",
  "lockfileVersion": 1,
  "requires": true,
  "dependencies": {
    "@feathersjs/errors": {
      "version": "3.2.0",
      "resolved": "https://registry.npmjs.org/@feathersjs/errors/-/errors-3.2.0.tgz",
      "integrity": "sha512-4xsE7OyzxGvs2hyG19nf2qb4rV2nWoWbQ6/FnDIYrNHi7M9kOy+deLwNhKnXa4r/hg3xf+AVpC8kBjUQjWYWHA==",
      "requires": {
        "debug": "3.1.0"
      }
    },
    "debug": {
      "version": "3.1.0",
      "resolved": "https://registry.npmjs.org/debug/-/debug-3.1.0.tgz",
      "integrity": "sha512-OX8XqP7/1a9cqkxYw2yXss15f26NKWBpDXQd0/uK/KPqdQhxbPa994hnzjcE2VqQpDslf55723cKPUOGSmMY3g==",
      "requires": {
        "ms": "2.0.0"
      }
    },
    "ms": {
      "version": "2.0.0",
      "resolved": "https://registry.npmjs.org/ms/-/ms-2.0.0.tgz",
      "integrity": "sha1-VgiurfwAvmwpAd9fmGF4jeDVl8g="
    }
  }
}
